// !$*UTF8*$!
{
	archiveVersion = 1;
	classes = {
	};
	objectVersion = 63;
	objects = {

/* Begin PBXBuildFile section */
		4B22ED1B2AEECB7700208DD7 /* Slider.framework in Frameworks */ = {isa = PBXBuildFile; fileRef = 4B2EB6C223C1E11F00FB91AD /* Slider.framework */; };
		4B22ED1C2AEECB7700208DD7 /* Slider.framework in Embed Frameworks */ = {isa = PBXBuildFile; fileRef = 4B2EB6C223C1E11F00FB91AD /* Slider.framework */; settings = {ATTRIBUTES = (CodeSignOnCopy, RemoveHeadersOnCopy, ); }; };
		4B2EB6E523C1E5AA00FB91AD /* AppDelegate.swift in Sources */ = {isa = PBXBuildFile; fileRef = 4B2EB6E423C1E5AA00FB91AD /* AppDelegate.swift */; };
		4B2EB6E723C1E5AA00FB91AD /* SceneDelegate.swift in Sources */ = {isa = PBXBuildFile; fileRef = 4B2EB6E623C1E5AA00FB91AD /* SceneDelegate.swift */; };
		4B2EB6EC23C1E5AA00FB91AD /* Main.storyboard in Resources */ = {isa = PBXBuildFile; fileRef = 4B2EB6EA23C1E5AA00FB91AD /* Main.storyboard */; };
		4B2EB6EE23C1E5AA00FB91AD /* Assets.xcassets in Resources */ = {isa = PBXBuildFile; fileRef = 4B2EB6ED23C1E5AA00FB91AD /* Assets.xcassets */; };
		4B2EB6F123C1E5AA00FB91AD /* LaunchScreen.storyboard in Resources */ = {isa = PBXBuildFile; fileRef = 4B2EB6EF23C1E5AA00FB91AD /* LaunchScreen.storyboard */; };
		4B889B692433375D002FCE02 /* CodeViewController.swift in Sources */ = {isa = PBXBuildFile; fileRef = 4B889B682433375D002FCE02 /* CodeViewController.swift */; };
		4B889B7624333E7C002FCE02 /* CodeViewController+SliderDelegate.swift in Sources */ = {isa = PBXBuildFile; fileRef = 4B889B7524333E7C002FCE02 /* CodeViewController+SliderDelegate.swift */; };
		4B8DAE962BA6925A005CFA82 /* Animation.swift in Sources */ = {isa = PBXBuildFile; fileRef = 4B8DAE952BA6925A005CFA82 /* Animation.swift */; };
		4BF628A12BA2B38D0093637E /* HapticConfiguration.swift in Sources */ = {isa = PBXBuildFile; fileRef = 4BF628922BA2B38D0093637E /* HapticConfiguration.swift */; };
		4BF628A22BA2B38D0093637E /* Direction.swift in Sources */ = {isa = PBXBuildFile; fileRef = 4BF628942BA2B38D0093637E /* Direction.swift */; };
		4BF628A32BA2B38D0093637E /* Slider+UITouch.swift in Sources */ = {isa = PBXBuildFile; fileRef = 4BF628962BA2B38D0093637E /* Slider+UITouch.swift */; };
		4BF628A42BA2B38D0093637E /* String.swift in Sources */ = {isa = PBXBuildFile; fileRef = 4BF628972BA2B38D0093637E /* String.swift */; };
		4BF628A52BA2B38D0093637E /* SliderDelegate.swift in Sources */ = {isa = PBXBuildFile; fileRef = 4BF628992BA2B38D0093637E /* SliderDelegate.swift */; };
		4BF628A72BA2B38D0093637E /* Slider.h in Headers */ = {isa = PBXBuildFile; fileRef = 4BF6289C2BA2B38D0093637E /* Slider.h */; };
		4BF628A82BA2B38D0093637E /* Slider.swift in Sources */ = {isa = PBXBuildFile; fileRef = 4BF6289D2BA2B38D0093637E /* Slider.swift */; };
		4BF628A92BA2B38D0093637E /* SliderTextLayer.swift in Sources */ = {isa = PBXBuildFile; fileRef = 4BF6289E2BA2B38D0093637E /* SliderTextLayer.swift */; };
		4BF628AA2BA2B38D0093637E /* SliderTrackLayer.swift in Sources */ = {isa = PBXBuildFile; fileRef = 4BF6289F2BA2B38D0093637E /* SliderTrackLayer.swift */; };
/* End PBXBuildFile section */

/* Begin PBXContainerItemProxy section */
		4B22ED1D2AEECB7700208DD7 /* PBXContainerItemProxy */ = {
			isa = PBXContainerItemProxy;
			containerPortal = 4B2EB6B923C1E11E00FB91AD /* Project object */;
			proxyType = 1;
			remoteGlobalIDString = 4B2EB6C123C1E11E00FB91AD;
			remoteInfo = Slider;
		};
/* End PBXContainerItemProxy section */

/* Begin PBXCopyFilesBuildPhase section */
		4B22ED192AEECADA00208DD7 /* Embed Frameworks */ = {
			isa = PBXCopyFilesBuildPhase;
			buildActionMask = 2147483647;
			dstPath = "";
			dstSubfolderSpec = 10;
			files = (
				4B22ED1C2AEECB7700208DD7 /* Slider.framework in Embed Frameworks */,
			);
			name = "Embed Frameworks";
			runOnlyForDeploymentPostprocessing = 0;
		};
/* End PBXCopyFilesBuildPhase section */

/* Begin PBXFileReference section */
		4B2EB6C223C1E11F00FB91AD /* Slider.framework */ = {isa = PBXFileReference; explicitFileType = wrapper.framework; includeInIndex = 0; path = Slider.framework; sourceTree = BUILT_PRODUCTS_DIR; };
		4B2EB6E223C1E5AA00FB91AD /* Slider_Example.app */ = {isa = PBXFileReference; explicitFileType = wrapper.application; includeInIndex = 0; path = Slider_Example.app; sourceTree = BUILT_PRODUCTS_DIR; };
		4B2EB6E423C1E5AA00FB91AD /* AppDelegate.swift */ = {isa = PBXFileReference; lastKnownFileType = sourcecode.swift; path = AppDelegate.swift; sourceTree = "<group>"; };
		4B2EB6E623C1E5AA00FB91AD /* SceneDelegate.swift */ = {isa = PBXFileReference; lastKnownFileType = sourcecode.swift; path = SceneDelegate.swift; sourceTree = "<group>"; };
		4B2EB6EB23C1E5AA00FB91AD /* Base */ = {isa = PBXFileReference; lastKnownFileType = file.storyboard; name = Base; path = Base.lproj/Main.storyboard; sourceTree = "<group>"; };
		4B2EB6ED23C1E5AA00FB91AD /* Assets.xcassets */ = {isa = PBXFileReference; lastKnownFileType = folder.assetcatalog; path = Assets.xcassets; sourceTree = "<group>"; };
		4B2EB6F023C1E5AA00FB91AD /* Base */ = {isa = PBXFileReference; lastKnownFileType = file.storyboard; name = Base; path = Base.lproj/LaunchScreen.storyboard; sourceTree = "<group>"; };
		4B2EB6F223C1E5AA00FB91AD /* Info.plist */ = {isa = PBXFileReference; lastKnownFileType = text.plist.xml; path = Info.plist; sourceTree = "<group>"; };
		4B889B682433375D002FCE02 /* CodeViewController.swift */ = {isa = PBXFileReference; lastKnownFileType = sourcecode.swift; path = CodeViewController.swift; sourceTree = "<group>"; };
		4B889B7524333E7C002FCE02 /* CodeViewController+SliderDelegate.swift */ = {isa = PBXFileReference; lastKnownFileType = sourcecode.swift; path = "CodeViewController+SliderDelegate.swift"; sourceTree = "<group>"; };
		4B8DAE952BA6925A005CFA82 /* Animation.swift */ = {isa = PBXFileReference; lastKnownFileType = sourcecode.swift; path = Animation.swift; sourceTree = "<group>"; };
		4BF628922BA2B38D0093637E /* HapticConfiguration.swift */ = {isa = PBXFileReference; fileEncoding = 4; lastKnownFileType = sourcecode.swift; path = HapticConfiguration.swift; sourceTree = "<group>"; };
		4BF628942BA2B38D0093637E /* Direction.swift */ = {isa = PBXFileReference; fileEncoding = 4; lastKnownFileType = sourcecode.swift; path = Direction.swift; sourceTree = "<group>"; };
		4BF628962BA2B38D0093637E /* Slider+UITouch.swift */ = {isa = PBXFileReference; fileEncoding = 4; lastKnownFileType = sourcecode.swift; path = "Slider+UITouch.swift"; sourceTree = "<group>"; };
		4BF628972BA2B38D0093637E /* String.swift */ = {isa = PBXFileReference; fileEncoding = 4; lastKnownFileType = sourcecode.swift; path = String.swift; sourceTree = "<group>"; };
		4BF628992BA2B38D0093637E /* SliderDelegate.swift */ = {isa = PBXFileReference; fileEncoding = 4; lastKnownFileType = sourcecode.swift; path = SliderDelegate.swift; sourceTree = "<group>"; };
		4BF6289B2BA2B38D0093637E /* Info.plist */ = {isa = PBXFileReference; fileEncoding = 4; lastKnownFileType = text.plist.xml; path = Info.plist; sourceTree = "<group>"; };
		4BF6289C2BA2B38D0093637E /* Slider.h */ = {isa = PBXFileReference; fileEncoding = 4; lastKnownFileType = sourcecode.c.h; path = Slider.h; sourceTree = "<group>"; };
		4BF6289D2BA2B38D0093637E /* Slider.swift */ = {isa = PBXFileReference; fileEncoding = 4; lastKnownFileType = sourcecode.swift; path = Slider.swift; sourceTree = "<group>"; };
		4BF6289E2BA2B38D0093637E /* SliderTextLayer.swift */ = {isa = PBXFileReference; fileEncoding = 4; lastKnownFileType = sourcecode.swift; path = SliderTextLayer.swift; sourceTree = "<group>"; };
		4BF6289F2BA2B38D0093637E /* SliderTrackLayer.swift */ = {isa = PBXFileReference; fileEncoding = 4; lastKnownFileType = sourcecode.swift; path = SliderTrackLayer.swift; sourceTree = "<group>"; };
/* End PBXFileReference section */

/* Begin PBXFrameworksBuildPhase section */
		4B2EB6BF23C1E11E00FB91AD /* Frameworks */ = {
			isa = PBXFrameworksBuildPhase;
			buildActionMask = 2147483647;
			files = (
			);
			runOnlyForDeploymentPostprocessing = 0;
		};
		4B2EB6DF23C1E5AA00FB91AD /* Frameworks */ = {
			isa = PBXFrameworksBuildPhase;
			buildActionMask = 2147483647;
			files = (
				4B22ED1B2AEECB7700208DD7 /* Slider.framework in Frameworks */,
			);
			runOnlyForDeploymentPostprocessing = 0;
		};
/* End PBXFrameworksBuildPhase section */

/* Begin PBXGroup section */
		4B2EB6B823C1E11E00FB91AD = {
			isa = PBXGroup;
			children = (
				4BF628A02BA2B38D0093637E /* Sources */,
				4B2EB6E323C1E5AA00FB91AD /* Slider_Example */,
				4B2EB6C323C1E11F00FB91AD /* Products */,
				4B2EB6F823C1E85E00FB91AD /* Frameworks */,
			);
			sourceTree = "<group>";
		};
		4B2EB6C323C1E11F00FB91AD /* Products */ = {
			isa = PBXGroup;
			children = (
				4B2EB6C223C1E11F00FB91AD /* Slider.framework */,
				4B2EB6E223C1E5AA00FB91AD /* Slider_Example.app */,
			);
			name = Products;
			sourceTree = "<group>";
		};
		4B2EB6E323C1E5AA00FB91AD /* Slider_Example */ = {
			isa = PBXGroup;
			children = (
				4B889B6A24333B9F002FCE02 /* Application */,
				4B889B6B24333BAB002FCE02 /* Flows */,
				4B889B6F24333BC8002FCE02 /* Supporting Files */,
			);
			path = Slider_Example;
			sourceTree = "<group>";
		};
		4B2EB6F823C1E85E00FB91AD /* Frameworks */ = {
			isa = PBXGroup;
			children = (
			);
			name = Frameworks;
			sourceTree = "<group>";
		};
		4B889B6A24333B9F002FCE02 /* Application */ = {
			isa = PBXGroup;
			children = (
				4B2EB6E423C1E5AA00FB91AD /* AppDelegate.swift */,
				4B2EB6E623C1E5AA00FB91AD /* SceneDelegate.swift */,
				4B2EB6EF23C1E5AA00FB91AD /* LaunchScreen.storyboard */,
			);
			path = Application;
			sourceTree = "<group>";
		};
		4B889B6B24333BAB002FCE02 /* Flows */ = {
			isa = PBXGroup;
			children = (
				4B889B6C24333BB2002FCE02 /* Main */,
			);
			path = Flows;
			sourceTree = "<group>";
		};
		4B889B6C24333BB2002FCE02 /* Main */ = {
			isa = PBXGroup;
			children = (
				4B889B7224333BF5002FCE02 /* Extensions */,
				4B889B6D24333BBB002FCE02 /* View */,
				4B889B6E24333BC2002FCE02 /* Controllers */,
			);
			path = Main;
			sourceTree = "<group>";
		};
		4B889B6D24333BBB002FCE02 /* View */ = {
			isa = PBXGroup;
			children = (
				4B2EB6EA23C1E5AA00FB91AD /* Main.storyboard */,
			);
			path = View;
			sourceTree = "<group>";
		};
		4B889B6E24333BC2002FCE02 /* Controllers */ = {
			isa = PBXGroup;
			children = (
				4B889B682433375D002FCE02 /* CodeViewController.swift */,
			);
			path = Controllers;
			sourceTree = "<group>";
		};
		4B889B6F24333BC8002FCE02 /* Supporting Files */ = {
			isa = PBXGroup;
			children = (
				4B2EB6ED23C1E5AA00FB91AD /* Assets.xcassets */,
				4B2EB6F223C1E5AA00FB91AD /* Info.plist */,
			);
			path = "Supporting Files";
			sourceTree = "<group>";
		};
		4B889B7224333BF5002FCE02 /* Extensions */ = {
			isa = PBXGroup;
			children = (
				4B889B7524333E7C002FCE02 /* CodeViewController+SliderDelegate.swift */,
			);
			path = Extensions;
			sourceTree = "<group>";
		};
		4BF628932BA2B38D0093637E /* Configurations */ = {
			isa = PBXGroup;
			children = (
				4BF628922BA2B38D0093637E /* HapticConfiguration.swift */,
			);
			path = Configurations;
			sourceTree = "<group>";
		};
		4BF628952BA2B38D0093637E /* Enums */ = {
			isa = PBXGroup;
			children = (
				4BF628942BA2B38D0093637E /* Direction.swift */,
				4B8DAE952BA6925A005CFA82 /* Animation.swift */,
			);
			path = Enums;
			sourceTree = "<group>";
		};
		4BF628982BA2B38D0093637E /* Extensions */ = {
			isa = PBXGroup;
			children = (
				4BF628962BA2B38D0093637E /* Slider+UITouch.swift */,
				4BF628972BA2B38D0093637E /* String.swift */,
			);
			path = Extensions;
			sourceTree = "<group>";
		};
		4BF6289A2BA2B38D0093637E /* Protocols */ = {
			isa = PBXGroup;
			children = (
				4BF628992BA2B38D0093637E /* SliderDelegate.swift */,
			);
			path = Protocols;
			sourceTree = "<group>";
		};
		4BF628A02BA2B38D0093637E /* Sources */ = {
			isa = PBXGroup;
			children = (
				4BF628932BA2B38D0093637E /* Configurations */,
				4BF628952BA2B38D0093637E /* Enums */,
				4BF628982BA2B38D0093637E /* Extensions */,
				4BF6289A2BA2B38D0093637E /* Protocols */,
				4BF6289B2BA2B38D0093637E /* Info.plist */,
				4BF6289C2BA2B38D0093637E /* Slider.h */,
				4BF6289D2BA2B38D0093637E /* Slider.swift */,
				4BF6289E2BA2B38D0093637E /* SliderTextLayer.swift */,
				4BF6289F2BA2B38D0093637E /* SliderTrackLayer.swift */,
			);
			path = Sources;
			sourceTree = "<group>";
		};
/* End PBXGroup section */

/* Begin PBXHeadersBuildPhase section */
		4B2EB6BD23C1E11E00FB91AD /* Headers */ = {
			isa = PBXHeadersBuildPhase;
			buildActionMask = 2147483647;
			files = (
				4BF628A72BA2B38D0093637E /* Slider.h in Headers */,
			);
			runOnlyForDeploymentPostprocessing = 0;
		};
/* End PBXHeadersBuildPhase section */

/* Begin PBXNativeTarget section */
		4B2EB6C123C1E11E00FB91AD /* Slider */ = {
			isa = PBXNativeTarget;
			buildConfigurationList = 4B2EB6CA23C1E11F00FB91AD /* Build configuration list for PBXNativeTarget "Slider" */;
			buildPhases = (
				4B2EB6BD23C1E11E00FB91AD /* Headers */,
				4B2EB6BE23C1E11E00FB91AD /* Sources */,
				4B2EB6BF23C1E11E00FB91AD /* Frameworks */,
				4B2EB6C023C1E11E00FB91AD /* Resources */,
			);
			buildRules = (
			);
			dependencies = (
			);
			name = Slider;
			productName = Slider;
			productReference = 4B2EB6C223C1E11F00FB91AD /* Slider.framework */;
			productType = "com.apple.product-type.framework";
		};
		4B2EB6E123C1E5AA00FB91AD /* Slider_Example */ = {
			isa = PBXNativeTarget;
			buildConfigurationList = 4B2EB6F323C1E5AA00FB91AD /* Build configuration list for PBXNativeTarget "Slider_Example" */;
			buildPhases = (
				4B2EB6DE23C1E5AA00FB91AD /* Sources */,
				4B2EB6DF23C1E5AA00FB91AD /* Frameworks */,
				4B2EB6E023C1E5AA00FB91AD /* Resources */,
				4B22ED192AEECADA00208DD7 /* Embed Frameworks */,
			);
			buildRules = (
			);
			dependencies = (
				4B22ED1E2AEECB7700208DD7 /* PBXTargetDependency */,
			);
			name = Slider_Example;
			packageProductDependencies = (
			);
			productName = Slider_Example;
			productReference = 4B2EB6E223C1E5AA00FB91AD /* Slider_Example.app */;
			productType = "com.apple.product-type.application";
		};
/* End PBXNativeTarget section */

/* Begin PBXProject section */
		4B2EB6B923C1E11E00FB91AD /* Project object */ = {
			isa = PBXProject;
			attributes = {
				BuildIndependentTargetsInParallel = YES;
				LastSwiftUpdateCheck = 1130;
				LastUpgradeCheck = 1530;
				ORGANIZATIONNAME = "Ramiz Kichibekov";
				TargetAttributes = {
					4B2EB6C123C1E11E00FB91AD = {
						CreatedOnToolsVersion = 11.3;
						LastSwiftMigration = 1530;
					};
					4B2EB6E123C1E5AA00FB91AD = {
						CreatedOnToolsVersion = 11.3;
					};
				};
			};
			buildConfigurationList = 4B2EB6BC23C1E11E00FB91AD /* Build configuration list for PBXProject "Slider" */;
			compatibilityVersion = "Xcode 15.3";
			developmentRegion = en;
			hasScannedForEncodings = 0;
			knownRegions = (
				en,
				Base,
			);
			mainGroup = 4B2EB6B823C1E11E00FB91AD;
			packageReferences = (
			);
			productRefGroup = 4B2EB6C323C1E11F00FB91AD /* Products */;
			projectDirPath = "";
			projectRoot = "";
			targets = (
				4B2EB6C123C1E11E00FB91AD /* Slider */,
				4B2EB6E123C1E5AA00FB91AD /* Slider_Example */,
			);
		};
/* End PBXProject section */

/* Begin PBXResourcesBuildPhase section */
		4B2EB6C023C1E11E00FB91AD /* Resources */ = {
			isa = PBXResourcesBuildPhase;
			buildActionMask = 2147483647;
			files = (
			);
			runOnlyForDeploymentPostprocessing = 0;
		};
		4B2EB6E023C1E5AA00FB91AD /* Resources */ = {
			isa = PBXResourcesBuildPhase;
			buildActionMask = 2147483647;
			files = (
				4B2EB6F123C1E5AA00FB91AD /* LaunchScreen.storyboard in Resources */,
				4B2EB6EE23C1E5AA00FB91AD /* Assets.xcassets in Resources */,
				4B2EB6EC23C1E5AA00FB91AD /* Main.storyboard in Resources */,
			);
			runOnlyForDeploymentPostprocessing = 0;
		};
/* End PBXResourcesBuildPhase section */

/* Begin PBXSourcesBuildPhase section */
		4B2EB6BE23C1E11E00FB91AD /* Sources */ = {
			isa = PBXSourcesBuildPhase;
			buildActionMask = 2147483647;
			files = (
				4BF628A52BA2B38D0093637E /* SliderDelegate.swift in Sources */,
				4BF628A32BA2B38D0093637E /* Slider+UITouch.swift in Sources */,
				4BF628A22BA2B38D0093637E /* Direction.swift in Sources */,
				4BF628A42BA2B38D0093637E /* String.swift in Sources */,
				4B8DAE962BA6925A005CFA82 /* Animation.swift in Sources */,
				4BF628A92BA2B38D0093637E /* SliderTextLayer.swift in Sources */,
				4BF628A82BA2B38D0093637E /* Slider.swift in Sources */,
				4BF628AA2BA2B38D0093637E /* SliderTrackLayer.swift in Sources */,
				4BF628A12BA2B38D0093637E /* HapticConfiguration.swift in Sources */,
			);
			runOnlyForDeploymentPostprocessing = 0;
		};
		4B2EB6DE23C1E5AA00FB91AD /* Sources */ = {
			isa = PBXSourcesBuildPhase;
			buildActionMask = 2147483647;
			files = (
				4B889B692433375D002FCE02 /* CodeViewController.swift in Sources */,
				4B2EB6E523C1E5AA00FB91AD /* AppDelegate.swift in Sources */,
				4B889B7624333E7C002FCE02 /* CodeViewController+SliderDelegate.swift in Sources */,
				4B2EB6E723C1E5AA00FB91AD /* SceneDelegate.swift in Sources */,
			);
			runOnlyForDeploymentPostprocessing = 0;
		};
/* End PBXSourcesBuildPhase section */

/* Begin PBXTargetDependency section */
		4B22ED1E2AEECB7700208DD7 /* PBXTargetDependency */ = {
			isa = PBXTargetDependency;
			target = 4B2EB6C123C1E11E00FB91AD /* Slider */;
			targetProxy = 4B22ED1D2AEECB7700208DD7 /* PBXContainerItemProxy */;
		};
/* End PBXTargetDependency section */

/* Begin PBXVariantGroup section */
		4B2EB6EA23C1E5AA00FB91AD /* Main.storyboard */ = {
			isa = PBXVariantGroup;
			children = (
				4B2EB6EB23C1E5AA00FB91AD /* Base */,
			);
			name = Main.storyboard;
			sourceTree = "<group>";
		};
		4B2EB6EF23C1E5AA00FB91AD /* LaunchScreen.storyboard */ = {
			isa = PBXVariantGroup;
			children = (
				4B2EB6F023C1E5AA00FB91AD /* Base */,
			);
			name = LaunchScreen.storyboard;
			sourceTree = "<group>";
		};
/* End PBXVariantGroup section */

/* Begin XCBuildConfiguration section */
		4B2EB6C823C1E11F00FB91AD /* Debug */ = {
			isa = XCBuildConfiguration;
			buildSettings = {
				ALWAYS_SEARCH_USER_PATHS = NO;
				ASSETCATALOG_COMPILER_GENERATE_SWIFT_ASSET_SYMBOL_EXTENSIONS = YES;
				CLANG_ANALYZER_NONNULL = YES;
				CLANG_ANALYZER_NUMBER_OBJECT_CONVERSION = YES_AGGRESSIVE;
				CLANG_CXX_LANGUAGE_STANDARD = "gnu++14";
				CLANG_CXX_LIBRARY = "libc++";
				CLANG_ENABLE_MODULES = YES;
				CLANG_ENABLE_OBJC_ARC = YES;
				CLANG_ENABLE_OBJC_WEAK = YES;
				CLANG_WARN_BLOCK_CAPTURE_AUTORELEASING = YES;
				CLANG_WARN_BOOL_CONVERSION = YES;
				CLANG_WARN_COMMA = YES;
				CLANG_WARN_CONSTANT_CONVERSION = YES;
				CLANG_WARN_DEPRECATED_OBJC_IMPLEMENTATIONS = YES;
				CLANG_WARN_DIRECT_OBJC_ISA_USAGE = YES_ERROR;
				CLANG_WARN_DOCUMENTATION_COMMENTS = YES;
				CLANG_WARN_EMPTY_BODY = YES;
				CLANG_WARN_ENUM_CONVERSION = YES;
				CLANG_WARN_INFINITE_RECURSION = YES;
				CLANG_WARN_INT_CONVERSION = YES;
				CLANG_WARN_NON_LITERAL_NULL_CONVERSION = YES;
				CLANG_WARN_OBJC_IMPLICIT_RETAIN_SELF = YES;
				CLANG_WARN_OBJC_LITERAL_CONVERSION = YES;
				CLANG_WARN_OBJC_ROOT_CLASS = YES_ERROR;
				CLANG_WARN_QUOTED_INCLUDE_IN_FRAMEWORK_HEADER = YES;
				CLANG_WARN_RANGE_LOOP_ANALYSIS = YES;
				CLANG_WARN_STRICT_PROTOTYPES = YES;
				CLANG_WARN_SUSPICIOUS_MOVE = YES;
				CLANG_WARN_UNGUARDED_AVAILABILITY = YES_AGGRESSIVE;
				CLANG_WARN_UNREACHABLE_CODE = YES;
				CLANG_WARN__DUPLICATE_METHOD_MATCH = YES;
				COPY_PHASE_STRIP = NO;
				CURRENT_PROJECT_VERSION = 1;
				DEBUG_INFORMATION_FORMAT = dwarf;
				ENABLE_STRICT_OBJC_MSGSEND = YES;
				ENABLE_TESTABILITY = YES;
				ENABLE_USER_SCRIPT_SANDBOXING = YES;
				GCC_C_LANGUAGE_STANDARD = gnu11;
				GCC_DYNAMIC_NO_PIC = NO;
				GCC_NO_COMMON_BLOCKS = YES;
				GCC_OPTIMIZATION_LEVEL = 0;
				GCC_PREPROCESSOR_DEFINITIONS = (
					"DEBUG=1",
					"$(inherited)",
				);
				GCC_WARN_64_TO_32_BIT_CONVERSION = YES;
				GCC_WARN_ABOUT_RETURN_TYPE = YES_ERROR;
				GCC_WARN_UNDECLARED_SELECTOR = YES;
				GCC_WARN_UNINITIALIZED_AUTOS = YES_AGGRESSIVE;
				GCC_WARN_UNUSED_FUNCTION = YES;
				GCC_WARN_UNUSED_VARIABLE = YES;
				IPHONEOS_DEPLOYMENT_TARGET = 14.0;
				MTL_ENABLE_DEBUG_INFO = INCLUDE_SOURCE;
				MTL_FAST_MATH = YES;
				ONLY_ACTIVE_ARCH = YES;
				SDKROOT = iphoneos;
				SWIFT_ACTIVE_COMPILATION_CONDITIONS = DEBUG;
				SWIFT_OPTIMIZATION_LEVEL = "-Onone";
				VERSIONING_SYSTEM = "apple-generic";
				VERSION_INFO_PREFIX = "";
			};
			name = Debug;
		};
		4B2EB6C923C1E11F00FB91AD /* Release */ = {
			isa = XCBuildConfiguration;
			buildSettings = {
				ALWAYS_SEARCH_USER_PATHS = NO;
				ASSETCATALOG_COMPILER_GENERATE_SWIFT_ASSET_SYMBOL_EXTENSIONS = YES;
				CLANG_ANALYZER_NONNULL = YES;
				CLANG_ANALYZER_NUMBER_OBJECT_CONVERSION = YES_AGGRESSIVE;
				CLANG_CXX_LANGUAGE_STANDARD = "gnu++14";
				CLANG_CXX_LIBRARY = "libc++";
				CLANG_ENABLE_MODULES = YES;
				CLANG_ENABLE_OBJC_ARC = YES;
				CLANG_ENABLE_OBJC_WEAK = YES;
				CLANG_WARN_BLOCK_CAPTURE_AUTORELEASING = YES;
				CLANG_WARN_BOOL_CONVERSION = YES;
				CLANG_WARN_COMMA = YES;
				CLANG_WARN_CONSTANT_CONVERSION = YES;
				CLANG_WARN_DEPRECATED_OBJC_IMPLEMENTATIONS = YES;
				CLANG_WARN_DIRECT_OBJC_ISA_USAGE = YES_ERROR;
				CLANG_WARN_DOCUMENTATION_COMMENTS = YES;
				CLANG_WARN_EMPTY_BODY = YES;
				CLANG_WARN_ENUM_CONVERSION = YES;
				CLANG_WARN_INFINITE_RECURSION = YES;
				CLANG_WARN_INT_CONVERSION = YES;
				CLANG_WARN_NON_LITERAL_NULL_CONVERSION = YES;
				CLANG_WARN_OBJC_IMPLICIT_RETAIN_SELF = YES;
				CLANG_WARN_OBJC_LITERAL_CONVERSION = YES;
				CLANG_WARN_OBJC_ROOT_CLASS = YES_ERROR;
				CLANG_WARN_QUOTED_INCLUDE_IN_FRAMEWORK_HEADER = YES;
				CLANG_WARN_RANGE_LOOP_ANALYSIS = YES;
				CLANG_WARN_STRICT_PROTOTYPES = YES;
				CLANG_WARN_SUSPICIOUS_MOVE = YES;
				CLANG_WARN_UNGUARDED_AVAILABILITY = YES_AGGRESSIVE;
				CLANG_WARN_UNREACHABLE_CODE = YES;
				CLANG_WARN__DUPLICATE_METHOD_MATCH = YES;
				COPY_PHASE_STRIP = NO;
				CURRENT_PROJECT_VERSION = 1;
				DEBUG_INFORMATION_FORMAT = "dwarf-with-dsym";
				ENABLE_NS_ASSERTIONS = NO;
				ENABLE_STRICT_OBJC_MSGSEND = YES;
				ENABLE_USER_SCRIPT_SANDBOXING = YES;
				GCC_C_LANGUAGE_STANDARD = gnu11;
				GCC_NO_COMMON_BLOCKS = YES;
				GCC_WARN_64_TO_32_BIT_CONVERSION = YES;
				GCC_WARN_ABOUT_RETURN_TYPE = YES_ERROR;
				GCC_WARN_UNDECLARED_SELECTOR = YES;
				GCC_WARN_UNINITIALIZED_AUTOS = YES_AGGRESSIVE;
				GCC_WARN_UNUSED_FUNCTION = YES;
				GCC_WARN_UNUSED_VARIABLE = YES;
				IPHONEOS_DEPLOYMENT_TARGET = 14.0;
				MTL_ENABLE_DEBUG_INFO = NO;
				MTL_FAST_MATH = YES;
				SDKROOT = iphoneos;
				SWIFT_COMPILATION_MODE = wholemodule;
				SWIFT_OPTIMIZATION_LEVEL = "-O";
				VALIDATE_PRODUCT = YES;
				VERSIONING_SYSTEM = "apple-generic";
				VERSION_INFO_PREFIX = "";
			};
			name = Release;
		};
		4B2EB6CB23C1E11F00FB91AD /* Debug */ = {
			isa = XCBuildConfiguration;
			buildSettings = {
				CLANG_ENABLE_MODULES = YES;
				CODE_SIGN_IDENTITY = "";
				CODE_SIGN_STYLE = Automatic;
				DEFINES_MODULE = YES;
				DEVELOPMENT_TEAM = "";
				DYLIB_COMPATIBILITY_VERSION = 1;
				DYLIB_CURRENT_VERSION = 1;
				DYLIB_INSTALL_NAME_BASE = "@rpath";
				ENABLE_MODULE_VERIFIER = YES;
				INFOPLIST_FILE = Sources/Info.plist;
				INSTALL_PATH = "$(LOCAL_LIBRARY_DIR)/Frameworks";
				IPHONEOS_DEPLOYMENT_TARGET = 14.0;
				LD_RUNPATH_SEARCH_PATHS = (
					"$(inherited)",
					"@executable_path/Frameworks",
					"@loader_path/Frameworks",
				);
				MODULE_VERIFIER_SUPPORTED_LANGUAGE_STANDARDS = "gnu11 gnu++14";
				PRODUCT_BUNDLE_IDENTIFIER = "Ramiz-Kichibekov.Slider";
				PRODUCT_NAME = "$(TARGET_NAME:c99extidentifier)";
				SKIP_INSTALL = YES;
				SWIFT_OPTIMIZATION_LEVEL = "-Onone";
				SWIFT_VERSION = 5.0;
				TARGETED_DEVICE_FAMILY = "1,2";
			};
			name = Debug;
		};
		4B2EB6CC23C1E11F00FB91AD /* Release */ = {
			isa = XCBuildConfiguration;
			buildSettings = {
				CLANG_ENABLE_MODULES = YES;
				CODE_SIGN_IDENTITY = "";
				CODE_SIGN_STYLE = Automatic;
				DEFINES_MODULE = YES;
				DEVELOPMENT_TEAM = "";
				DYLIB_COMPATIBILITY_VERSION = 1;
				DYLIB_CURRENT_VERSION = 1;
				DYLIB_INSTALL_NAME_BASE = "@rpath";
				ENABLE_MODULE_VERIFIER = YES;
				INFOPLIST_FILE = Sources/Info.plist;
				INSTALL_PATH = "$(LOCAL_LIBRARY_DIR)/Frameworks";
				IPHONEOS_DEPLOYMENT_TARGET = 14.0;
				LD_RUNPATH_SEARCH_PATHS = (
					"$(inherited)",
					"@executable_path/Frameworks",
					"@loader_path/Frameworks",
				);
				MODULE_VERIFIER_SUPPORTED_LANGUAGE_STANDARDS = "gnu11 gnu++14";
				PRODUCT_BUNDLE_IDENTIFIER = "Ramiz-Kichibekov.Slider";
				PRODUCT_NAME = "$(TARGET_NAME:c99extidentifier)";
				SKIP_INSTALL = YES;
				SWIFT_VERSION = 5.0;
				TARGETED_DEVICE_FAMILY = "1,2";
			};
			name = Release;
		};
		4B2EB6F423C1E5AA00FB91AD /* Debug */ = {
			isa = XCBuildConfiguration;
			buildSettings = {
				ALWAYS_EMBED_SWIFT_STANDARD_LIBRARIES = YES;
				ASSETCATALOG_COMPILER_APPICON_NAME = AppIcon;
				CODE_SIGN_STYLE = Automatic;
				DEVELOPMENT_TEAM = 8AD8N54BY6;
				INFOPLIST_FILE = "Slider_Example/Supporting Files/Info.plist";
				IPHONEOS_DEPLOYMENT_TARGET = 14.0;
				LD_RUNPATH_SEARCH_PATHS = (
					"$(inherited)",
					"@executable_path/Frameworks",
				);
				PRODUCT_BUNDLE_IDENTIFIER = "Ramiz-Kichibekov.Slider-Example";
				PRODUCT_NAME = "$(TARGET_NAME)";
				SWIFT_VERSION = 5.0;
				TARGETED_DEVICE_FAMILY = "1,2";
			};
			name = Debug;
		};
		4B2EB6F523C1E5AA00FB91AD /* Release */ = {
			isa = XCBuildConfiguration;
			buildSettings = {
				ALWAYS_EMBED_SWIFT_STANDARD_LIBRARIES = YES;
				ASSETCATALOG_COMPILER_APPICON_NAME = AppIcon;
				CODE_SIGN_STYLE = Automatic;
				DEVELOPMENT_TEAM = 8AD8N54BY6;
				INFOPLIST_FILE = "Slider_Example/Supporting Files/Info.plist";
				IPHONEOS_DEPLOYMENT_TARGET = 14.0;
				LD_RUNPATH_SEARCH_PATHS = (
					"$(inherited)",
					"@executable_path/Frameworks",
				);
				PRODUCT_BUNDLE_IDENTIFIER = "Ramiz-Kichibekov.Slider-Example";
				PRODUCT_NAME = "$(TARGET_NAME)";
				SWIFT_VERSION = 5.0;
				TARGETED_DEVICE_FAMILY = "1,2";
			};
			name = Release;
		};
/* End XCBuildConfiguration section */

/* Begin XCConfigurationList section */
		4B2EB6BC23C1E11E00FB91AD /* Build configuration list for PBXProject "Slider" */ = {
			isa = XCConfigurationList;
			buildConfigurations = (
				4B2EB6C823C1E11F00FB91AD /* Debug */,
				4B2EB6C923C1E11F00FB91AD /* Release */,
			);
			defaultConfigurationIsVisible = 0;
			defaultConfigurationName = Release;
		};
		4B2EB6CA23C1E11F00FB91AD /* Build configuration list for PBXNativeTarget "Slider" */ = {
			isa = XCConfigurationList;
			buildConfigurations = (
				4B2EB6CB23C1E11F00FB91AD /* Debug */,
				4B2EB6CC23C1E11F00FB91AD /* Release */,
			);
			defaultConfigurationIsVisible = 0;
			defaultConfigurationName = Release;
		};
		4B2EB6F323C1E5AA00FB91AD /* Build configuration list for PBXNativeTarget "Slider_Example" */ = {
			isa = XCConfigurationList;
			buildConfigurations = (
				4B2EB6F423C1E5AA00FB91AD /* Debug */,
				4B2EB6F523C1E5AA00FB91AD /* Release */,
			);
			defaultConfigurationIsVisible = 0;
			defaultConfigurationName = Release;
		};
/* End XCConfigurationList section */
	};
	rootObject = 4B2EB6B923C1E11E00FB91AD /* Project object */;
}
